schema: '2.0'
stages:
  preprocess:
    cmd: python -m src.data.preprocess
    deps:
    - path: data/raw/Messages.csv
      hash: md5
      md5: 6b1f75f98be70ccfe89fff9509f5337a
      size: 5502592
    - path: src/data/preprocess.py
      hash: md5
      md5: c1d1e983e4005c93a67cbc89f4f47811
      size: 1078
    outs:
    - path: data/preprocessed/cleaned.csv
      hash: md5
      md5: d445ea80f708b45a92c373234faa8ec0
      size: 4394247
  features:
    cmd: python -m src.feature.tfidf
    deps:
    - path: data/preprocessed/cleaned.csv
      hash: md5
      md5: d445ea80f708b45a92c373234faa8ec0
      size: 4394247
    - path: src/config/config.yaml
      hash: md5
      md5: 1c98c78660936b24281a83e251271b47
      size: 735
    - path: src/feature/tfidf.py
      hash: md5
      md5: 26f8e83a0e414ecea859a30b828f362e
      size: 1564
    outs:
    - path: artifacts/X_test.pkl
      hash: md5
      md5: 9a0b22690a94fb76f8524dfcd9512063
      size: 684218
    - path: artifacts/X_train.pkl
      hash: md5
      md5: 633d7b5c27913ab74b5dcd47de032784
      size: 2763746
    - path: artifacts/vectorizer/tfidf.pkl
      hash: md5
      md5: 441b41db137d8a32ada3aabb6a106279
      size: 192702
  train:
    cmd: python -m src.models.train
    deps:
    - path: artifacts/X_test.pkl
      hash: md5
      md5: 9a0b22690a94fb76f8524dfcd9512063
      size: 684218
    - path: artifacts/X_train.pkl
      hash: md5
      md5: 633d7b5c27913ab74b5dcd47de032784
      size: 2763746
    - path: src/config/config.yaml
      hash: md5
      md5: 1c98c78660936b24281a83e251271b47
      size: 735
    - path: src/models/train.py
      hash: md5
      md5: 65d36969a55263e06d687dc5bf38a421
      size: 4594
    outs:
    - path: artifacts/metrics/model_metrics.json
      hash: md5
      md5: 5653339dceaf53549e3c9273b6608a96
      size: 1163
    - path: models/best_model.pkl
      hash: md5
      md5: 04bc0933e1d8541fe131e8a9099731be
      size: 998603
